// !$*UTF8*$!
{
	archiveVersion = 1;
	classes = {
	};
	objectVersion = 46;
	objects = {

/* Begin PBXBuildFile section */
		ED2461AB189BBB3000464D42 /* fnv.cpp in Sources */ = {isa = PBXBuildFile; fileRef = EDCFE85E17203E47001D35F3 /* fnv.cpp */; };
		ED25C41F17EC59D1005B115F /* logger.cpp in Sources */ = {isa = PBXBuildFile; fileRef = ED6D7BEE1716EAA6005DED18 /* logger.cpp */; };
		ED25C42017EC59D1005B115F /* utils.cpp in Sources */ = {isa = PBXBuildFile; fileRef = ED026CF7171D9CAB00AD5FD6 /* utils.cpp */; };
		ED25C42117EC59D1005B115F /* p44obj.cpp in Sources */ = {isa = PBXBuildFile; fileRef = ED81337717C6C765003982CC /* p44obj.cpp */; };
		ED25C42217EC59D1005B115F /* error.cpp in Sources */ = {isa = PBXBuildFile; fileRef = ED026D03171E94D700AD5FD6 /* error.cpp */; };
		ED25C42317EC59D1005B115F /* mainloop.cpp in Sources */ = {isa = PBXBuildFile; fileRef = ED74563E1731B813001C9565 /* mainloop.cpp */; };
		ED25C42417EC59D1005B115F /* application.cpp in Sources */ = {isa = PBXBuildFile; fileRef = ED0E441C1732FE4F00C4C283 /* application.cpp */; };
		ED25C42517EC59D1005B115F /* httpcomm.cpp in Sources */ = {isa = PBXBuildFile; fileRef = ED07E25B17D7878D00889CC3 /* httpcomm.cpp */; };
		ED25C42617EC59D1005B115F /* fdcomm.cpp in Sources */ = {isa = PBXBuildFile; fileRef = EDB5BC1917B50E79004DB38D /* fdcomm.cpp */; };
		ED25C42717EC59D1005B115F /* socketcomm.cpp in Sources */ = {isa = PBXBuildFile; fileRef = ED55760B174CC03A00CCC4DD /* socketcomm.cpp */; };
		ED25C42917EC59D1005B115F /* jsonobject.cpp in Sources */ = {isa = PBXBuildFile; fileRef = ED5576131750B15E00CCC4DD /* jsonobject.cpp */; };
		ED25C42D17EC8382005B115F /* jsonwebclient.cpp in Sources */ = {isa = PBXBuildFile; fileRef = ED07E26017DA37BF00889CC3 /* jsonwebclient.cpp */; };
		ED41FABA1918046300E0DCED /* crc32.cpp in Sources */ = {isa = PBXBuildFile; fileRef = ED41FAB81918046300E0DCED /* crc32.cpp */; };
		ED7D396F17EF5BC100A920FF /* main.cpp in Sources */ = {isa = PBXBuildFile; fileRef = ED6D7BEA1716B6B1005DED18 /* main.cpp */; };
		ED8A99A82020D17B0069EBF6 /* civetweb.c in Sources */ = {isa = PBXBuildFile; fileRef = ED8A99A12020D17A0069EBF6 /* civetweb.c */; };
		ED8A99AD2020D6540069EBF6 /* libcrypto.1.0.0.dylib in Frameworks */ = {isa = PBXBuildFile; fileRef = ED8A99AB2020D6540069EBF6 /* libcrypto.1.0.0.dylib */; };
		ED8A99AE2020D6540069EBF6 /* libssl.1.0.0.dylib in Frameworks */ = {isa = PBXBuildFile; fileRef = ED8A99AC2020D6540069EBF6 /* libssl.1.0.0.dylib */; };
		EDDE42C217F41A36005B97A0 /* macaddress.cpp in Sources */ = {isa = PBXBuildFile; fileRef = EDDE42C117F41A36005B97A0 /* macaddress.cpp */; };
		EDDEE88617FC6BC700A65599 /* gpio.cpp in Sources */ = {isa = PBXBuildFile; fileRef = EDB2844B1733DE2900EAE5DE /* gpio.cpp */; };
		EDDEE88817FC6BE100A65599 /* iopin.cpp in Sources */ = {isa = PBXBuildFile; fileRef = ED369998178D6A2C00376405 /* iopin.cpp */; };
		EDDEE88917FC6BEE00A65599 /* digitalio.cpp in Sources */ = {isa = PBXBuildFile; fileRef = ED369996178D5BD600376405 /* digitalio.cpp */; };
		EDDEE88A17FC6ED400A65599 /* i2c.cpp in Sources */ = {isa = PBXBuildFile; fileRef = ED36999C178DA01D00376405 /* i2c.cpp */; };
		EDDEE88B17FC6EDE00A65599 /* consolekey.cpp in Sources */ = {isa = PBXBuildFile; fileRef = EDC1166C177EDDDF00F27115 /* consolekey.cpp */; };
		EDF1AF261D0D98D000302F77 /* spi.cpp in Sources */ = {isa = PBXBuildFile; fileRef = EDF1AF241D0D98D000302F77 /* spi.cpp */; };
/* End PBXBuildFile section */

/* Begin PBXCopyFilesBuildPhase section */
		ED25C41317EC5947005B115F /* CopyFiles */ = {
			isa = PBXCopyFilesBuildPhase;
			buildActionMask = 2147483647;
			dstPath = /usr/share/man/man1/;
			dstSubfolderSpec = 0;
			files = (
			);
			runOnlyForDeploymentPostprocessing = 1;
		};
/* End PBXCopyFilesBuildPhase section */

/* Begin PBXFileReference section */
		ED026CF7171D9CAB00AD5FD6 /* utils.cpp */ = {isa = PBXFileReference; fileEncoding = 4; lastKnownFileType = sourcecode.cpp.cpp; lineEnding = 0; path = utils.cpp; sourceTree = "<group>"; xcLanguageSpecificationIdentifier = xcode.lang.cpp; };
		ED026CF8171D9CAB00AD5FD6 /* utils.hpp */ = {isa = PBXFileReference; fileEncoding = 4; lastKnownFileType = sourcecode.cpp.h; lineEnding = 0; path = utils.hpp; sourceTree = "<group>"; xcLanguageSpecificationIdentifier = xcode.lang.cpp; };
		ED026D03171E94D700AD5FD6 /* error.cpp */ = {isa = PBXFileReference; fileEncoding = 4; lastKnownFileType = sourcecode.cpp.cpp; lineEnding = 0; path = error.cpp; sourceTree = "<group>"; };
		ED026D04171E94D700AD5FD6 /* error.hpp */ = {isa = PBXFileReference; fileEncoding = 4; lastKnownFileType = sourcecode.cpp.h; lineEnding = 0; path = error.hpp; sourceTree = "<group>"; };
		ED07E25B17D7878D00889CC3 /* httpcomm.cpp */ = {isa = PBXFileReference; fileEncoding = 4; lastKnownFileType = sourcecode.cpp.cpp; path = httpcomm.cpp; sourceTree = "<group>"; };
		ED07E25C17D7878D00889CC3 /* httpcomm.hpp */ = {isa = PBXFileReference; fileEncoding = 4; lastKnownFileType = sourcecode.cpp.h; path = httpcomm.hpp; sourceTree = "<group>"; };
		ED07E26017DA37BF00889CC3 /* jsonwebclient.cpp */ = {isa = PBXFileReference; fileEncoding = 4; lastKnownFileType = sourcecode.cpp.cpp; lineEnding = 0; path = jsonwebclient.cpp; sourceTree = "<group>"; xcLanguageSpecificationIdentifier = xcode.lang.cpp; };
		ED07E26117DA37BF00889CC3 /* jsonwebclient.hpp */ = {isa = PBXFileReference; fileEncoding = 4; lastKnownFileType = sourcecode.cpp.h; path = jsonwebclient.hpp; sourceTree = "<group>"; };
		ED0E441C1732FE4F00C4C283 /* application.cpp */ = {isa = PBXFileReference; fileEncoding = 4; lastKnownFileType = sourcecode.cpp.cpp; lineEnding = 0; path = application.cpp; sourceTree = "<group>"; xcLanguageSpecificationIdentifier = xcode.lang.cpp; };
		ED0E441D1732FE4F00C4C283 /* application.hpp */ = {isa = PBXFileReference; fileEncoding = 4; lastKnownFileType = sourcecode.cpp.h; lineEnding = 0; path = application.hpp; sourceTree = "<group>"; xcLanguageSpecificationIdentifier = xcode.lang.cpp; };
		ED10907917B3FD0A009F9FE2 /* jsonrpccomm.cpp */ = {isa = PBXFileReference; fileEncoding = 4; lastKnownFileType = sourcecode.cpp.cpp; lineEnding = 0; path = jsonrpccomm.cpp; sourceTree = "<group>"; xcLanguageSpecificationIdentifier = xcode.lang.cpp; };
		ED10907A17B3FD0A009F9FE2 /* jsonrpccomm.hpp */ = {isa = PBXFileReference; fileEncoding = 4; lastKnownFileType = sourcecode.cpp.h; lineEnding = 0; path = jsonrpccomm.hpp; sourceTree = "<group>"; xcLanguageSpecificationIdentifier = xcode.lang.cpp; };
		ED17F4C61769F51D0076B47C /* persistentparams.cpp */ = {isa = PBXFileReference; fileEncoding = 4; lastKnownFileType = sourcecode.cpp.cpp; lineEnding = 0; path = persistentparams.cpp; sourceTree = "<group>"; xcLanguageSpecificationIdentifier = xcode.lang.cpp; };
		ED17F4C71769F51D0076B47C /* persistentparams.hpp */ = {isa = PBXFileReference; fileEncoding = 4; lastKnownFileType = sourcecode.cpp.h; lineEnding = 0; path = persistentparams.hpp; sourceTree = "<group>"; xcLanguageSpecificationIdentifier = xcode.lang.cpp; };
		ED25C41517EC5947005B115F /* p44mbcd */ = {isa = PBXFileReference; explicitFileType = "compiled.mach-o.executable"; includeInIndex = 0; path = p44mbcd; sourceTree = BUILT_PRODUCTS_DIR; };
		ED369996178D5BD600376405 /* digitalio.cpp */ = {isa = PBXFileReference; lastKnownFileType = sourcecode.cpp.cpp; lineEnding = 0; path = digitalio.cpp; sourceTree = "<group>"; };
		ED369997178D5BE300376405 /* digitalio.hpp */ = {isa = PBXFileReference; lastKnownFileType = sourcecode.cpp.h; lineEnding = 0; path = digitalio.hpp; sourceTree = "<group>"; };
		ED369998178D6A2C00376405 /* iopin.cpp */ = {isa = PBXFileReference; fileEncoding = 4; lastKnownFileType = sourcecode.cpp.cpp; path = iopin.cpp; sourceTree = "<group>"; };
		ED369999178D6A2C00376405 /* iopin.hpp */ = {isa = PBXFileReference; fileEncoding = 4; lastKnownFileType = sourcecode.cpp.h; path = iopin.hpp; sourceTree = "<group>"; };
		ED36999C178DA01D00376405 /* i2c.cpp */ = {isa = PBXFileReference; fileEncoding = 4; lastKnownFileType = sourcecode.cpp.cpp; path = i2c.cpp; sourceTree = "<group>"; };
		ED36999D178DA01E00376405 /* i2c.hpp */ = {isa = PBXFileReference; fileEncoding = 4; lastKnownFileType = sourcecode.cpp.h; lineEnding = 0; path = i2c.hpp; sourceTree = "<group>"; xcLanguageSpecificationIdentifier = xcode.lang.cpp; };
		ED41FAB81918046300E0DCED /* crc32.cpp */ = {isa = PBXFileReference; fileEncoding = 4; lastKnownFileType = sourcecode.cpp.cpp; path = crc32.cpp; sourceTree = "<group>"; };
		ED41FAB91918046300E0DCED /* crc32.hpp */ = {isa = PBXFileReference; fileEncoding = 4; lastKnownFileType = sourcecode.cpp.h; path = crc32.hpp; sourceTree = "<group>"; };
		ED5372F61DFCAD3C0066FF5A /* sqlite3pp.cpp */ = {isa = PBXFileReference; lastKnownFileType = sourcecode.cpp.cpp; path = sqlite3pp.cpp; sourceTree = "<group>"; };
		ED5372F71DFCAD3C0066FF5A /* sqlite3pp.h */ = {isa = PBXFileReference; lastKnownFileType = sourcecode.c.h; path = sqlite3pp.h; sourceTree = "<group>"; };
		ED5372F81DFCAD3C0066FF5A /* sqlite3ppext.cpp */ = {isa = PBXFileReference; lastKnownFileType = sourcecode.cpp.cpp; path = sqlite3ppext.cpp; sourceTree = "<group>"; };
		ED5372F91DFCAD3C0066FF5A /* sqlite3ppext.h */ = {isa = PBXFileReference; lastKnownFileType = sourcecode.c.h; path = sqlite3ppext.h; sourceTree = "<group>"; };
		ED5372FA1DFCAD3C0066FF5A /* testaggregate.cpp */ = {isa = PBXFileReference; lastKnownFileType = sourcecode.cpp.cpp; path = testaggregate.cpp; sourceTree = "<group>"; };
		ED5372FB1DFCAD3C0066FF5A /* testattach.cpp */ = {isa = PBXFileReference; lastKnownFileType = sourcecode.cpp.cpp; path = testattach.cpp; sourceTree = "<group>"; };
		ED5372FC1DFCAD3C0066FF5A /* testcallback.cpp */ = {isa = PBXFileReference; lastKnownFileType = sourcecode.cpp.cpp; path = testcallback.cpp; sourceTree = "<group>"; };
		ED5372FD1DFCAD3C0066FF5A /* testdisconnect.cpp */ = {isa = PBXFileReference; lastKnownFileType = sourcecode.cpp.cpp; path = testdisconnect.cpp; sourceTree = "<group>"; };
		ED5372FE1DFCAD3C0066FF5A /* testfunction.cpp */ = {isa = PBXFileReference; lastKnownFileType = sourcecode.cpp.cpp; path = testfunction.cpp; sourceTree = "<group>"; };
		ED5372FF1DFCAD3C0066FF5A /* testinsert.cpp */ = {isa = PBXFileReference; lastKnownFileType = sourcecode.cpp.cpp; path = testinsert.cpp; sourceTree = "<group>"; };
		ED5373001DFCAD3C0066FF5A /* testinsertall.cpp */ = {isa = PBXFileReference; lastKnownFileType = sourcecode.cpp.cpp; path = testinsertall.cpp; sourceTree = "<group>"; };
		ED5373011DFCAD3C0066FF5A /* testselect.cpp */ = {isa = PBXFileReference; lastKnownFileType = sourcecode.cpp.cpp; path = testselect.cpp; sourceTree = "<group>"; };
		ED55760B174CC03A00CCC4DD /* socketcomm.cpp */ = {isa = PBXFileReference; fileEncoding = 4; lastKnownFileType = sourcecode.cpp.cpp; path = socketcomm.cpp; sourceTree = "<group>"; };
		ED55760C174CC03A00CCC4DD /* socketcomm.hpp */ = {isa = PBXFileReference; fileEncoding = 4; lastKnownFileType = sourcecode.cpp.h; lineEnding = 0; path = socketcomm.hpp; sourceTree = "<group>"; };
		ED557610174CFB3000CCC4DD /* jsoncomm.cpp */ = {isa = PBXFileReference; fileEncoding = 4; lastKnownFileType = sourcecode.cpp.cpp; lineEnding = 0; path = jsoncomm.cpp; sourceTree = "<group>"; };
		ED557611174CFB3100CCC4DD /* jsoncomm.hpp */ = {isa = PBXFileReference; fileEncoding = 4; lastKnownFileType = sourcecode.cpp.h; lineEnding = 0; path = jsoncomm.hpp; sourceTree = "<group>"; xcLanguageSpecificationIdentifier = xcode.lang.cpp; };
		ED5576131750B15E00CCC4DD /* jsonobject.cpp */ = {isa = PBXFileReference; fileEncoding = 4; lastKnownFileType = sourcecode.cpp.cpp; path = jsonobject.cpp; sourceTree = "<group>"; };
		ED5576141750B15F00CCC4DD /* jsonobject.hpp */ = {isa = PBXFileReference; fileEncoding = 4; lastKnownFileType = sourcecode.cpp.h; lineEnding = 0; path = jsonobject.hpp; sourceTree = "<group>"; xcLanguageSpecificationIdentifier = xcode.lang.cpp; };
		ED5B2933174124D300334C71 /* sqlite3persistence.cpp */ = {isa = PBXFileReference; fileEncoding = 4; lastKnownFileType = sourcecode.cpp.cpp; path = sqlite3persistence.cpp; sourceTree = "<group>"; };
		ED5B2934174124D400334C71 /* sqlite3persistence.hpp */ = {isa = PBXFileReference; fileEncoding = 4; lastKnownFileType = sourcecode.cpp.h; lineEnding = 0; path = sqlite3persistence.hpp; sourceTree = "<group>"; xcLanguageSpecificationIdentifier = xcode.lang.cpp; };
		ED6D7BEA1716B6B1005DED18 /* main.cpp */ = {isa = PBXFileReference; fileEncoding = 4; lastKnownFileType = sourcecode.cpp.cpp; lineEnding = 0; path = main.cpp; sourceTree = "<group>"; xcLanguageSpecificationIdentifier = xcode.lang.cpp; };
		ED6D7BEE1716EAA6005DED18 /* logger.cpp */ = {isa = PBXFileReference; fileEncoding = 4; lastKnownFileType = sourcecode.cpp.cpp; lineEnding = 0; path = logger.cpp; sourceTree = "<group>"; xcLanguageSpecificationIdentifier = xcode.lang.cpp; };
		ED6D7BEF1716EAA6005DED18 /* logger.hpp */ = {isa = PBXFileReference; fileEncoding = 4; lastKnownFileType = sourcecode.cpp.h; lineEnding = 0; path = logger.hpp; sourceTree = "<group>"; };
		ED6D7BF617180766005DED18 /* serialqueue.cpp */ = {isa = PBXFileReference; fileEncoding = 4; lastKnownFileType = sourcecode.cpp.cpp; path = serialqueue.cpp; sourceTree = "<group>"; };
		ED6D7BF717180766005DED18 /* serialqueue.hpp */ = {isa = PBXFileReference; fileEncoding = 4; lastKnownFileType = sourcecode.cpp.h; lineEnding = 0; path = serialqueue.hpp; sourceTree = "<group>"; xcLanguageSpecificationIdentifier = xcode.lang.cpp; };
		ED74563E1731B813001C9565 /* mainloop.cpp */ = {isa = PBXFileReference; fileEncoding = 4; lastKnownFileType = sourcecode.cpp.cpp; path = mainloop.cpp; sourceTree = "<group>"; };
		ED74563F1731B813001C9565 /* mainloop.hpp */ = {isa = PBXFileReference; fileEncoding = 4; lastKnownFileType = sourcecode.cpp.h; lineEnding = 0; path = mainloop.hpp; sourceTree = "<group>"; };
		ED81337717C6C765003982CC /* p44obj.cpp */ = {isa = PBXFileReference; fileEncoding = 4; lastKnownFileType = sourcecode.cpp.cpp; path = p44obj.cpp; sourceTree = "<group>"; };
		ED81337817C6C765003982CC /* p44obj.hpp */ = {isa = PBXFileReference; fileEncoding = 4; lastKnownFileType = sourcecode.cpp.h; path = p44obj.hpp; sourceTree = "<group>"; };
		ED8A99A12020D17A0069EBF6 /* civetweb.c */ = {isa = PBXFileReference; fileEncoding = 4; lastKnownFileType = sourcecode.c.c; path = civetweb.c; sourceTree = "<group>"; };
		ED8A99A22020D17A0069EBF6 /* hostcheck.inl */ = {isa = PBXFileReference; fileEncoding = 4; lastKnownFileType = text; path = hostcheck.inl; sourceTree = "<group>"; };
		ED8A99A32020D17A0069EBF6 /* openssl_hostname_validation.inl */ = {isa = PBXFileReference; fileEncoding = 4; lastKnownFileType = text; path = openssl_hostname_validation.inl; sourceTree = "<group>"; };
		ED8A99A42020D17A0069EBF6 /* civetweb.h */ = {isa = PBXFileReference; fileEncoding = 4; lastKnownFileType = sourcecode.c.h; path = civetweb.h; sourceTree = "<group>"; };
		ED8A99A52020D17B0069EBF6 /* handle_form.inl */ = {isa = PBXFileReference; fileEncoding = 4; lastKnownFileType = text; path = handle_form.inl; sourceTree = "<group>"; };
		ED8A99A62020D17B0069EBF6 /* md5.inl */ = {isa = PBXFileReference; fileEncoding = 4; lastKnownFileType = text; path = md5.inl; sourceTree = "<group>"; };
		ED8A99A72020D17B0069EBF6 /* sha1.inl */ = {isa = PBXFileReference; fileEncoding = 4; lastKnownFileType = text; path = sha1.inl; sourceTree = "<group>"; };
		ED8A99A92020D2070069EBF6 /* configure.ac */ = {isa = PBXFileReference; fileEncoding = 4; lastKnownFileType = text; path = configure.ac; sourceTree = "<group>"; };
		ED8A99AA2020D2070069EBF6 /* Makefile.am */ = {isa = PBXFileReference; fileEncoding = 4; lastKnownFileType = text; path = Makefile.am; sourceTree = "<group>"; };
		ED8A99AB2020D6540069EBF6 /* libcrypto.1.0.0.dylib */ = {isa = PBXFileReference; lastKnownFileType = "compiled.mach-o.dylib"; name = libcrypto.1.0.0.dylib; path = ../../../../../../../../../usr/local/Cellar/openssl/1.0.2k/lib/libcrypto.1.0.0.dylib; sourceTree = "<group>"; };
		ED8A99AC2020D6540069EBF6 /* libssl.1.0.0.dylib */ = {isa = PBXFileReference; lastKnownFileType = "compiled.mach-o.dylib"; name = libssl.1.0.0.dylib; path = ../../../../../../../../../usr/local/Cellar/openssl/1.0.2k/lib/libssl.1.0.0.dylib; sourceTree = "<group>"; };
		ED93DFF21D256BD400D6AF0A /* p44utils_common.hpp */ = {isa = PBXFileReference; fileEncoding = 4; lastKnownFileType = sourcecode.cpp.h; path = p44utils_common.hpp; sourceTree = "<group>"; };
		EDB1892F17D4B7330088B6A5 /* ssdpsearch.cpp */ = {isa = PBXFileReference; fileEncoding = 4; lastKnownFileType = sourcecode.cpp.cpp; path = ssdpsearch.cpp; sourceTree = "<group>"; };
		EDB1893017D4B7330088B6A5 /* ssdpsearch.hpp */ = {isa = PBXFileReference; fileEncoding = 4; lastKnownFileType = sourcecode.cpp.h; path = ssdpsearch.hpp; sourceTree = "<group>"; };
		EDB284421732965700EAE5DE /* operationqueue.cpp */ = {isa = PBXFileReference; fileEncoding = 4; lastKnownFileType = sourcecode.cpp.cpp; path = operationqueue.cpp; sourceTree = "<group>"; };
		EDB284431732965700EAE5DE /* operationqueue.hpp */ = {isa = PBXFileReference; fileEncoding = 4; lastKnownFileType = sourcecode.cpp.h; lineEnding = 0; path = operationqueue.hpp; sourceTree = "<group>"; xcLanguageSpecificationIdentifier = xcode.lang.cpp; };
		EDB284481733B59500EAE5DE /* serialcomm.cpp */ = {isa = PBXFileReference; fileEncoding = 4; lastKnownFileType = sourcecode.cpp.cpp; path = serialcomm.cpp; sourceTree = "<group>"; };
		EDB284491733B59500EAE5DE /* serialcomm.hpp */ = {isa = PBXFileReference; fileEncoding = 4; lastKnownFileType = sourcecode.cpp.h; lineEnding = 0; path = serialcomm.hpp; sourceTree = "<group>"; xcLanguageSpecificationIdentifier = xcode.lang.cpp; };
		EDB2844B1733DE2900EAE5DE /* gpio.cpp */ = {isa = PBXFileReference; fileEncoding = 4; lastKnownFileType = sourcecode.cpp.cpp; path = gpio.cpp; sourceTree = "<group>"; };
		EDB2844C1733DE2A00EAE5DE /* gpio.hpp */ = {isa = PBXFileReference; fileEncoding = 4; lastKnownFileType = sourcecode.cpp.h; lineEnding = 0; path = gpio.hpp; sourceTree = "<group>"; xcLanguageSpecificationIdentifier = xcode.lang.cpp; };
		EDB5BC1917B50E79004DB38D /* fdcomm.cpp */ = {isa = PBXFileReference; fileEncoding = 4; lastKnownFileType = sourcecode.cpp.cpp; path = fdcomm.cpp; sourceTree = "<group>"; };
		EDB5BC1A17B50E79004DB38D /* fdcomm.hpp */ = {isa = PBXFileReference; fileEncoding = 4; lastKnownFileType = sourcecode.cpp.h; lineEnding = 0; path = fdcomm.hpp; sourceTree = "<group>"; xcLanguageSpecificationIdentifier = xcode.lang.cpp; };
		EDC1166C177EDDDF00F27115 /* consolekey.cpp */ = {isa = PBXFileReference; fileEncoding = 4; lastKnownFileType = sourcecode.cpp.cpp; path = consolekey.cpp; sourceTree = "<group>"; };
		EDC1166D177EDDDF00F27115 /* consolekey.hpp */ = {isa = PBXFileReference; fileEncoding = 4; lastKnownFileType = sourcecode.cpp.h; lineEnding = 0; path = consolekey.hpp; sourceTree = "<group>"; xcLanguageSpecificationIdentifier = xcode.lang.cpp; };
		EDCFE85E17203E47001D35F3 /* fnv.cpp */ = {isa = PBXFileReference; fileEncoding = 4; lastKnownFileType = sourcecode.cpp.cpp; path = fnv.cpp; sourceTree = "<group>"; };
		EDCFE85F17203E47001D35F3 /* fnv.hpp */ = {isa = PBXFileReference; fileEncoding = 4; lastKnownFileType = sourcecode.cpp.h; path = fnv.hpp; sourceTree = "<group>"; };
		EDDE42C017F41A36005B97A0 /* macaddress.hpp */ = {isa = PBXFileReference; fileEncoding = 4; lastKnownFileType = sourcecode.cpp.h; path = macaddress.hpp; sourceTree = "<group>"; };
		EDDE42C117F41A36005B97A0 /* macaddress.cpp */ = {isa = PBXFileReference; fileEncoding = 4; lastKnownFileType = sourcecode.cpp.cpp; path = macaddress.cpp; sourceTree = "<group>"; };
		EDF1AF241D0D98D000302F77 /* spi.cpp */ = {isa = PBXFileReference; fileEncoding = 4; lastKnownFileType = sourcecode.cpp.cpp; path = spi.cpp; sourceTree = "<group>"; };
		EDF1AF251D0D98D000302F77 /* spi.hpp */ = {isa = PBXFileReference; fileEncoding = 4; lastKnownFileType = sourcecode.cpp.h; path = spi.hpp; sourceTree = "<group>"; };
/* End PBXFileReference section */

/* Begin PBXFrameworksBuildPhase section */
		ED25C41217EC5947005B115F /* Frameworks */ = {
			isa = PBXFrameworksBuildPhase;
			buildActionMask = 2147483647;
			files = (
				ED8A99AD2020D6540069EBF6 /* libcrypto.1.0.0.dylib in Frameworks */,
				ED8A99AE2020D6540069EBF6 /* libssl.1.0.0.dylib in Frameworks */,
			);
			runOnlyForDeploymentPostprocessing = 0;
		};
/* End PBXFrameworksBuildPhase section */

/* Begin PBXGroup section */
		ED3699B5178DA83800376405 /* p44utils */ = {
			isa = PBXGroup;
			children = (
				ED5372E11DFCAD3C0066FF5A /* thirdparty */,
				ED0E441C1732FE4F00C4C283 /* application.cpp */,
				ED0E441D1732FE4F00C4C283 /* application.hpp */,
				EDC1166C177EDDDF00F27115 /* consolekey.cpp */,
				EDC1166D177EDDDF00F27115 /* consolekey.hpp */,
				ED369996178D5BD600376405 /* digitalio.cpp */,
				ED369997178D5BE300376405 /* digitalio.hpp */,
				ED026D03171E94D700AD5FD6 /* error.cpp */,
				ED026D04171E94D700AD5FD6 /* error.hpp */,
				EDB5BC1917B50E79004DB38D /* fdcomm.cpp */,
				EDB5BC1A17B50E79004DB38D /* fdcomm.hpp */,
				EDCFE85E17203E47001D35F3 /* fnv.cpp */,
				EDCFE85F17203E47001D35F3 /* fnv.hpp */,
				ED41FAB81918046300E0DCED /* crc32.cpp */,
				ED41FAB91918046300E0DCED /* crc32.hpp */,
				EDB2844B1733DE2900EAE5DE /* gpio.cpp */,
				EDB2844C1733DE2A00EAE5DE /* gpio.hpp */,
				ED07E25B17D7878D00889CC3 /* httpcomm.cpp */,
				ED07E25C17D7878D00889CC3 /* httpcomm.hpp */,
				ED36999C178DA01D00376405 /* i2c.cpp */,
				ED36999D178DA01E00376405 /* i2c.hpp */,
				EDF1AF241D0D98D000302F77 /* spi.cpp */,
				EDF1AF251D0D98D000302F77 /* spi.hpp */,
				ED369998178D6A2C00376405 /* iopin.cpp */,
				ED369999178D6A2C00376405 /* iopin.hpp */,
				ED557610174CFB3000CCC4DD /* jsoncomm.cpp */,
				ED557611174CFB3100CCC4DD /* jsoncomm.hpp */,
				ED5576131750B15E00CCC4DD /* jsonobject.cpp */,
				ED5576141750B15F00CCC4DD /* jsonobject.hpp */,
				ED10907917B3FD0A009F9FE2 /* jsonrpccomm.cpp */,
				ED10907A17B3FD0A009F9FE2 /* jsonrpccomm.hpp */,
				ED07E26017DA37BF00889CC3 /* jsonwebclient.cpp */,
				ED07E26117DA37BF00889CC3 /* jsonwebclient.hpp */,
				ED6D7BEE1716EAA6005DED18 /* logger.cpp */,
				ED6D7BEF1716EAA6005DED18 /* logger.hpp */,
				EDDE42C117F41A36005B97A0 /* macaddress.cpp */,
				EDDE42C017F41A36005B97A0 /* macaddress.hpp */,
				ED74563E1731B813001C9565 /* mainloop.cpp */,
				ED74563F1731B813001C9565 /* mainloop.hpp */,
				EDB284421732965700EAE5DE /* operationqueue.cpp */,
				EDB284431732965700EAE5DE /* operationqueue.hpp */,
				ED81337717C6C765003982CC /* p44obj.cpp */,
				ED81337817C6C765003982CC /* p44obj.hpp */,
				ED17F4C61769F51D0076B47C /* persistentparams.cpp */,
				ED17F4C71769F51D0076B47C /* persistentparams.hpp */,
				EDB284481733B59500EAE5DE /* serialcomm.cpp */,
				EDB284491733B59500EAE5DE /* serialcomm.hpp */,
				ED6D7BF617180766005DED18 /* serialqueue.cpp */,
				ED6D7BF717180766005DED18 /* serialqueue.hpp */,
				ED55760B174CC03A00CCC4DD /* socketcomm.cpp */,
				ED55760C174CC03A00CCC4DD /* socketcomm.hpp */,
				ED5B2933174124D300334C71 /* sqlite3persistence.cpp */,
				ED5B2934174124D400334C71 /* sqlite3persistence.hpp */,
				EDB1892F17D4B7330088B6A5 /* ssdpsearch.cpp */,
				EDB1893017D4B7330088B6A5 /* ssdpsearch.hpp */,
				ED026CF7171D9CAB00AD5FD6 /* utils.cpp */,
				ED026CF8171D9CAB00AD5FD6 /* utils.hpp */,
				ED93DFF21D256BD400D6AF0A /* p44utils_common.hpp */,
			);
			name = p44utils;
			path = src/p44utils;
			sourceTree = "<group>";
		};
		ED4D033C1F83EAFD00BF1820 /* Frameworks */ = {
			isa = PBXGroup;
			children = (
				ED8A99AB2020D6540069EBF6 /* libcrypto.1.0.0.dylib */,
				ED8A99AC2020D6540069EBF6 /* libssl.1.0.0.dylib */,
			);
			name = Frameworks;
			sourceTree = "<group>";
		};
		ED5372E11DFCAD3C0066FF5A /* thirdparty */ = {
			isa = PBXGroup;
			children = (
				ED5372E21DFCAD3C0066FF5A /* civetweb */,
				ED5372F51DFCAD3C0066FF5A /* sqlite3pp */,
			);
			path = thirdparty;
			sourceTree = "<group>";
		};
		ED5372E21DFCAD3C0066FF5A /* civetweb */ = {
			isa = PBXGroup;
			children = (
				ED8A99A12020D17A0069EBF6 /* civetweb.c */,
				ED8A99A42020D17A0069EBF6 /* civetweb.h */,
				ED8A99A52020D17B0069EBF6 /* handle_form.inl */,
				ED8A99A22020D17A0069EBF6 /* hostcheck.inl */,
				ED8A99A62020D17B0069EBF6 /* md5.inl */,
				ED8A99A32020D17A0069EBF6 /* openssl_hostname_validation.inl */,
				ED8A99A72020D17B0069EBF6 /* sha1.inl */,
			);
			path = civetweb;
			sourceTree = "<group>";
		};
		ED5372F51DFCAD3C0066FF5A /* sqlite3pp */ = {
			isa = PBXGroup;
			children = (
				ED5372F61DFCAD3C0066FF5A /* sqlite3pp.cpp */,
				ED5372F71DFCAD3C0066FF5A /* sqlite3pp.h */,
				ED5372F81DFCAD3C0066FF5A /* sqlite3ppext.cpp */,
				ED5372F91DFCAD3C0066FF5A /* sqlite3ppext.h */,
				ED5372FA1DFCAD3C0066FF5A /* testaggregate.cpp */,
				ED5372FB1DFCAD3C0066FF5A /* testattach.cpp */,
				ED5372FC1DFCAD3C0066FF5A /* testcallback.cpp */,
				ED5372FD1DFCAD3C0066FF5A /* testdisconnect.cpp */,
				ED5372FE1DFCAD3C0066FF5A /* testfunction.cpp */,
				ED5372FF1DFCAD3C0066FF5A /* testinsert.cpp */,
				ED5373001DFCAD3C0066FF5A /* testinsertall.cpp */,
				ED5373011DFCAD3C0066FF5A /* testselect.cpp */,
			);
			path = sqlite3pp;
			sourceTree = "<group>";
		};
		ED6D7BD21716B63A005DED18 = {
			isa = PBXGroup;
			children = (
				ED8A99A92020D2070069EBF6 /* configure.ac */,
				ED8A99AA2020D2070069EBF6 /* Makefile.am */,
				ED3699B5178DA83800376405 /* p44utils */,
				ED6D7BE71716B6B1005DED18 /* src */,
				ED6D7BDC1716B63A005DED18 /* Products */,
				ED4D033C1F83EAFD00BF1820 /* Frameworks */,
			);
			sourceTree = "<group>";
		};
		ED6D7BDC1716B63A005DED18 /* Products */ = {
			isa = PBXGroup;
			children = (
				ED25C41517EC5947005B115F /* p44mbcd */,
			);
			name = Products;
			sourceTree = "<group>";
		};
		ED6D7BE71716B6B1005DED18 /* src */ = {
			isa = PBXGroup;
			children = (
				ED6D7BEA1716B6B1005DED18 /* main.cpp */,
			);
			path = src;
			sourceTree = "<group>";
		};
/* End PBXGroup section */

/* Begin PBXNativeTarget section */
		ED25C41417EC5947005B115F /* p44mbcd */ = {
			isa = PBXNativeTarget;
			buildConfigurationList = ED25C41E17EC5947005B115F /* Build configuration list for PBXNativeTarget "p44mbcd" */;
			buildPhases = (
				ED25C41117EC5947005B115F /* Sources */,
				ED25C41217EC5947005B115F /* Frameworks */,
				ED25C41317EC5947005B115F /* CopyFiles */,
			);
			buildRules = (
			);
			dependencies = (
			);
			name = p44mbcd;
			productName = p44maintd;
			productReference = ED25C41517EC5947005B115F /* p44mbcd */;
			productType = "com.apple.product-type.tool";
		};
/* End PBXNativeTarget section */

/* Begin PBXProject section */
		ED6D7BD31716B63A005DED18 /* Project object */ = {
			isa = PBXProject;
			attributes = {
				LastUpgradeCheck = 0500;
				ORGANIZATIONNAME = plan44.ch;
			};
			buildConfigurationList = ED6D7BD61716B63A005DED18 /* Build configuration list for PBXProject "p44mbc" */;
			compatibilityVersion = "Xcode 3.2";
			developmentRegion = English;
			hasScannedForEncodings = 0;
			knownRegions = (
				English,
				en,
			);
			mainGroup = ED6D7BD21716B63A005DED18;
			productRefGroup = ED6D7BDC1716B63A005DED18 /* Products */;
			projectDirPath = "";
			projectRoot = "";
			targets = (
				ED25C41417EC5947005B115F /* p44mbcd */,
			);
		};
/* End PBXProject section */

/* Begin PBXSourcesBuildPhase section */
		ED25C41117EC5947005B115F /* Sources */ = {
			isa = PBXSourcesBuildPhase;
			buildActionMask = 2147483647;
			files = (
				EDDEE88A17FC6ED400A65599 /* i2c.cpp in Sources */,
				ED25C42D17EC8382005B115F /* jsonwebclient.cpp in Sources */,
				ED25C42917EC59D1005B115F /* jsonobject.cpp in Sources */,
				ED25C42717EC59D1005B115F /* socketcomm.cpp in Sources */,
				ED25C42317EC59D1005B115F /* mainloop.cpp in Sources */,
				EDDE42C217F41A36005B97A0 /* macaddress.cpp in Sources */,
				ED25C42517EC59D1005B115F /* httpcomm.cpp in Sources */,
				ED25C42017EC59D1005B115F /* utils.cpp in Sources */,
				ED25C42117EC59D1005B115F /* p44obj.cpp in Sources */,
				ED8A99A82020D17B0069EBF6 /* civetweb.c in Sources */,
				EDDEE88B17FC6EDE00A65599 /* consolekey.cpp in Sources */,
				EDDEE88617FC6BC700A65599 /* gpio.cpp in Sources */,
				ED41FABA1918046300E0DCED /* crc32.cpp in Sources */,
				EDDEE88817FC6BE100A65599 /* iopin.cpp in Sources */,
				ED25C41F17EC59D1005B115F /* logger.cpp in Sources */,
				ED2461AB189BBB3000464D42 /* fnv.cpp in Sources */,
				ED25C42617EC59D1005B115F /* fdcomm.cpp in Sources */,
				ED7D396F17EF5BC100A920FF /* main.cpp in Sources */,
				EDF1AF261D0D98D000302F77 /* spi.cpp in Sources */,
				EDDEE88917FC6BEE00A65599 /* digitalio.cpp in Sources */,
				ED25C42417EC59D1005B115F /* application.cpp in Sources */,
				ED25C42217EC59D1005B115F /* error.cpp in Sources */,
			);
			runOnlyForDeploymentPostprocessing = 0;
		};
/* End PBXSourcesBuildPhase section */

/* Begin XCBuildConfiguration section */
		ED25C41B17EC5947005B115F /* Debug */ = {
			isa = XCBuildConfiguration;
			buildSettings = {
				ALWAYS_SEARCH_USER_PATHS = NO;
				CLANG_ENABLE_OBJC_ARC = YES;
				CLANG_WARN_BOOL_CONVERSION = YES;
				CLANG_WARN_DIRECT_OBJC_ISA_USAGE = YES_ERROR;
				CLANG_WARN_OBJC_ROOT_CLASS = YES_ERROR;
				GCC_PREPROCESSOR_DEFINITIONS = (
					"$(inherited)",
					"NO_SSL_DL=1",
				);
				GCC_WARN_ABOUT_RETURN_TYPE = YES_ERROR;
				GCC_WARN_UNDECLARED_SELECTOR = YES;
				GCC_WARN_UNUSED_FUNCTION = YES;
				HEADER_SEARCH_PATHS = (
					"$(inherited)",
					"/usr/local/include/json-c",
					/usr/local/Cellar/openssl/1.0.2q/include,
				);
				LIBRARY_SEARCH_PATHS = (
					"$(inherited)",
					"\"/usr/local/Cellar/openssl/1.0.2q/lib\"",
				);
				PRODUCT_NAME = "$(TARGET_NAME)";
			};
			name = Debug;
		};
		ED25C41C17EC5947005B115F /* Release */ = {
			isa = XCBuildConfiguration;
			buildSettings = {
				ALWAYS_SEARCH_USER_PATHS = NO;
				CLANG_ENABLE_OBJC_ARC = YES;
				CLANG_WARN_BOOL_CONVERSION = YES;
				CLANG_WARN_DIRECT_OBJC_ISA_USAGE = YES_ERROR;
				CLANG_WARN_OBJC_ROOT_CLASS = YES_ERROR;
				ENABLE_NS_ASSERTIONS = NO;
				GCC_PREPROCESSOR_DEFINITIONS = (
					"$(inherited)",
					"NO_SSL_DL=1",
				);
				GCC_WARN_ABOUT_RETURN_TYPE = YES_ERROR;
				GCC_WARN_UNDECLARED_SELECTOR = YES;
				GCC_WARN_UNUSED_FUNCTION = YES;
				HEADER_SEARCH_PATHS = (
					"$(inherited)",
					"/usr/local/include/json-c",
					/usr/local/Cellar/openssl/1.0.2q/include,
				);
				LIBRARY_SEARCH_PATHS = (
					"$(inherited)",
					"\"/usr/local/Cellar/openssl/1.0.2q/lib\"",
				);
				PRODUCT_NAME = "$(TARGET_NAME)";
			};
			name = Release;
		};
		ED6D7BE21716B63A005DED18 /* Debug */ = {
			isa = XCBuildConfiguration;
			buildSettings = {
				ALWAYS_SEARCH_USER_PATHS = YES;
				CLANG_CXX_LANGUAGE_STANDARD = "gnu++0x";
				CLANG_CXX_LIBRARY = "libc++";
				CLANG_WARN_CONSTANT_CONVERSION = YES;
				CLANG_WARN_EMPTY_BODY = YES;
				CLANG_WARN_ENUM_CONVERSION = YES;
				CLANG_WARN_INT_CONVERSION = YES;
				CLANG_WARN__DUPLICATE_METHOD_MATCH = YES;
				COPY_PHASE_STRIP = NO;
				GCC_C_LANGUAGE_STANDARD = gnu99;
				GCC_DYNAMIC_NO_PIC = NO;
				GCC_ENABLE_OBJC_EXCEPTIONS = YES;
				GCC_OPTIMIZATION_LEVEL = 0;
				GCC_PREPROCESSOR_DEFINITIONS = "DEBUG=1";
				GCC_SYMBOLS_PRIVATE_EXTERN = NO;
				GCC_WARN_64_TO_32_BIT_CONVERSION = YES;
				GCC_WARN_ABOUT_RETURN_TYPE = YES;
				GCC_WARN_UNINITIALIZED_AUTOS = YES;
				GCC_WARN_UNUSED_VARIABLE = YES;
				HEADER_SEARCH_PATHS = (
					/usr/local/include,
					"$(PROJECT_DIR)/src",
				);
				LIBRARY_SEARCH_PATHS = "\"/usr/local/lib\"";
				MACOSX_DEPLOYMENT_TARGET = 10.8;
				ONLY_ACTIVE_ARCH = YES;
				OTHER_LDFLAGS = "-ljson-c";
			};
			name = Debug;
		};
		ED6D7BE31716B63A005DED18 /* Release */ = {
			isa = XCBuildConfiguration;
			buildSettings = {
				ALWAYS_SEARCH_USER_PATHS = YES;
				CLANG_CXX_LANGUAGE_STANDARD = "gnu++0x";
				CLANG_CXX_LIBRARY = "libc++";
				CLANG_WARN_CONSTANT_CONVERSION = YES;
				CLANG_WARN_EMPTY_BODY = YES;
				CLANG_WARN_ENUM_CONVERSION = YES;
				CLANG_WARN_INT_CONVERSION = YES;
				CLANG_WARN__DUPLICATE_METHOD_MATCH = YES;
				COPY_PHASE_STRIP = YES;
				DEBUG_INFORMATION_FORMAT = "dwarf-with-dsym";
				GCC_C_LANGUAGE_STANDARD = gnu99;
				GCC_ENABLE_OBJC_EXCEPTIONS = YES;
				GCC_WARN_64_TO_32_BIT_CONVERSION = YES;
				GCC_WARN_ABOUT_RETURN_TYPE = YES;
				GCC_WARN_UNINITIALIZED_AUTOS = YES;
				GCC_WARN_UNUSED_VARIABLE = YES;
				HEADER_SEARCH_PATHS = (
					/usr/local/include,
					"$(PROJECT_DIR)/src",
				);
				LIBRARY_SEARCH_PATHS = "\"/usr/local/lib\"";
				MACOSX_DEPLOYMENT_TARGET = 10.8;
				OTHER_LDFLAGS = "-ljson-c";
			};
			name = Release;
		};
/* End XCBuildConfiguration section */

/* Begin XCConfigurationList section */
		ED25C41E17EC5947005B115F /* Build configuration list for PBXNativeTarget "p44mbcd" */ = {
			isa = XCConfigurationList;
			buildConfigurations = (
				ED25C41B17EC5947005B115F /* Debug */,
				ED25C41C17EC5947005B115F /* Release */,
			);
			defaultConfigurationIsVisible = 0;
			defaultConfigurationName = Release;
		};
		ED6D7BD61716B63A005DED18 /* Build configuration list for PBXProject "p44mbc" */ = {
			isa = XCConfigurationList;
			buildConfigurations = (
				ED6D7BE21716B63A005DED18 /* Debug */,
				ED6D7BE31716B63A005DED18 /* Release */,
			);
			defaultConfigurationIsVisible = 0;
			defaultConfigurationName = Release;
		};
/* End XCConfigurationList section */
	};
	rootObject = ED6D7BD31716B63A005DED18 /* Project object */;
}
